
Microsoft Visual Studio Solution File, Format Version 12.00
# Visual Studio 15
VisualStudioVersion = 15.0.27130.2036
MinimumVisualStudioVersion = 10.0.40219.1
Project("{2150E333-8FDC-42A3-9474-1A3956D46DE8}") = "01. Iterations", "01. Iterations", "{DCB36551-658B-4DFE-BAD1-02D8649747C2}"
EndProject
Project("{2150E333-8FDC-42A3-9474-1A3956D46DE8}") = "02. Arrays", "02. Arrays", "{E1993D13-5FAE-4D6C-9250-EFA95F7F2514}"
EndProject
Project("{2150E333-8FDC-42A3-9474-1A3956D46DE8}") = "03. Time complexity", "03. Time complexity", "{BD5B1997-EFE1-42F4-A621-CF8F5C3499AA}"
EndProject
Project("{2150E333-8FDC-42A3-9474-1A3956D46DE8}") = "04. Counting elements", "04. Counting elements", "{A40573F9-7E0E-4558-BE5C-5F2BC9A3BC2B}"
EndProject
Project("{2150E333-8FDC-42A3-9474-1A3956D46DE8}") = "05. Prefix sums", "05. Prefix sums", "{4D0401BA-150D-4E75-BE05-3C9F928BDEE7}"
EndProject
Project("{2150E333-8FDC-42A3-9474-1A3956D46DE8}") = "06. Sorting", "06. Sorting", "{B5EB579F-60B7-45B5-A86C-048B0D8125D1}"
EndProject
Project("{2150E333-8FDC-42A3-9474-1A3956D46DE8}") = "07. Stacks and Queues", "07. Stacks and Queues", "{AE33EDCE-425D-4230-9A4D-C1FCD92F80F7}"
EndProject
Project("{2150E333-8FDC-42A3-9474-1A3956D46DE8}") = "08. Leader", "08. Leader", "{BCFE7EA9-6C07-4710-BEFB-8E3441B30166}"
EndProject
Project("{2150E333-8FDC-42A3-9474-1A3956D46DE8}") = "09. Maximum slice problem", "09. Maximum slice problem", "{58C27182-A8AB-4584-8612-047407B906C8}"
EndProject
Project("{2150E333-8FDC-42A3-9474-1A3956D46DE8}") = "10. Prime and composite numbers", "10. Prime and composite numbers", "{F64B57EF-37C4-4369-825D-DE03E7B82003}"
EndProject
Project("{9A19103F-16F7-4668-BE54-9A1E7A4F7556}") = "BinaryGap", "BinaryGap\BinaryGap.csproj", "{EEAFE0AF-C9AA-4D22-9F87-AF3FA72D4B5E}"
EndProject
Project("{9A19103F-16F7-4668-BE54-9A1E7A4F7556}") = "CyclicRotation", "CyclicRotation\CyclicRotation.csproj", "{942D5839-4FE0-467F-89BC-5A3ACBE79049}"
EndProject
Project("{9A19103F-16F7-4668-BE54-9A1E7A4F7556}") = "OddOccurrencesInArray", "OddOccurrencesInArray\OddOccurrencesInArray.csproj", "{CC037896-36A8-4176-9B67-6DA73DE893FC}"
EndProject
Project("{9A19103F-16F7-4668-BE54-9A1E7A4F7556}") = "TapeEquilibrium", "TapeEquilibrium\TapeEquilibrium.csproj", "{F2F7DD87-DE4E-478F-A357-BD8563724290}"
EndProject
Project("{9A19103F-16F7-4668-BE54-9A1E7A4F7556}") = "FrogJmp", "FrogJmp\FrogJmp.csproj", "{FC0D46E0-A7C1-4A32-A5C1-18E45CE2D6A4}"
EndProject
Project("{9A19103F-16F7-4668-BE54-9A1E7A4F7556}") = "PermMissingElem", "PermMissingElem\PermMissingElem.csproj", "{DC2D8436-17E8-46DF-98BA-D1B20EB649E2}"
EndProject
Project("{9A19103F-16F7-4668-BE54-9A1E7A4F7556}") = "PermCheck", "PermCheck\PermCheck.csproj", "{F5391443-C9E7-4741-AA66-7F34AD1C23DE}"
EndProject
Project("{9A19103F-16F7-4668-BE54-9A1E7A4F7556}") = "FrogRiverOne", "FrogRiverOne\FrogRiverOne.csproj", "{267C3C23-8E3F-4A58-8A71-DA1E74B85E42}"
EndProject
Project("{9A19103F-16F7-4668-BE54-9A1E7A4F7556}") = "MissingInteger", "MissingInteger\MissingInteger.csproj", "{37F4F1B4-D08F-43F6-A0F8-D17F43EF8F71}"
EndProject
Project("{9A19103F-16F7-4668-BE54-9A1E7A4F7556}") = "MaxCounters", "MaxCounters\MaxCounters.csproj", "{846EBC6C-1485-4507-989A-0CDF305D9FA8}"
EndProject
Project("{9A19103F-16F7-4668-BE54-9A1E7A4F7556}") = "CountDiv", "CountDiv\CountDiv.csproj", "{6DFBC659-DE3C-4398-94C2-3DB72946A194}"
EndProject
Project("{9A19103F-16F7-4668-BE54-9A1E7A4F7556}") = "PassingCars", "PassingCars\PassingCars.csproj", "{4E7D955D-0249-46DC-BC3A-F640EFFDCB62}"
EndProject
Project("{9A19103F-16F7-4668-BE54-9A1E7A4F7556}") = "GenomicRangeQuery", "GenomicRangeQuery\GenomicRangeQuery.csproj", "{6555FBCB-8725-4715-9EC5-CA73838ABFDD}"
EndProject
Project("{9A19103F-16F7-4668-BE54-9A1E7A4F7556}") = "MinAvgTwoSlice", "MinAvgTwoSlice\MinAvgTwoSlice.csproj", "{29F1C676-7DD3-44C5-933E-FD831A3E6ED0}"
EndProject
Project("{9A19103F-16F7-4668-BE54-9A1E7A4F7556}") = "Triangle", "Triangle\Triangle.csproj", "{033A9FD0-507B-4365-B8C5-430BDB403A2C}"
EndProject
Project("{9A19103F-16F7-4668-BE54-9A1E7A4F7556}") = "Distinct", "Distinct\Distinct.csproj", "{C3770FA0-CD77-46A6-BD4A-4A74A4267E47}"
EndProject
Project("{9A19103F-16F7-4668-BE54-9A1E7A4F7556}") = "MaxProductOfThree", "MaxProductOfThree\MaxProductOfThree.csproj", "{BF8C7612-F9D0-4316-8804-7703DB374853}"
EndProject
Project("{9A19103F-16F7-4668-BE54-9A1E7A4F7556}") = "NumberOfDiscIntersections", "NumberOfDiscIntersections\NumberOfDiscIntersections.csproj", "{EF849E98-F428-49CD-995E-500A88C96604}"
EndProject
Project("{9A19103F-16F7-4668-BE54-9A1E7A4F7556}") = "StoneWall", "StoneWall\StoneWall.csproj", "{FAA3F38A-A125-44CD-8060-DC38F3B0A285}"
EndProject
Project("{9A19103F-16F7-4668-BE54-9A1E7A4F7556}") = "Brackets", "Brackets\Brackets.csproj", "{C62392B4-28C4-44AE-8432-0AF94898E7E8}"
EndProject
Project("{9A19103F-16F7-4668-BE54-9A1E7A4F7556}") = "Fish", "Fish\Fish.csproj", "{48CC0192-432E-49EB-934D-F1D230084BF9}"
EndProject
Project("{9A19103F-16F7-4668-BE54-9A1E7A4F7556}") = "Nesting", "Nesting\Nesting.csproj", "{2FAD245D-8993-4940-8094-F6969CB11A06}"
EndProject
Project("{9A19103F-16F7-4668-BE54-9A1E7A4F7556}") = "Dominator", "Dominator\Dominator.csproj", "{7405023F-54E2-4DB1-94F9-A8368E971F4B}"
EndProject
Project("{9A19103F-16F7-4668-BE54-9A1E7A4F7556}") = "EquiLeader", "EquiLeader\EquiLeader.csproj", "{C6580F8C-934E-4066-8082-2CED3A2BC53B}"
EndProject
Project("{9A19103F-16F7-4668-BE54-9A1E7A4F7556}") = "MaxDoubleSliceSum", "MaxDoubleSliceSum\MaxDoubleSliceSum.csproj", "{12EC314C-F8B0-49EE-BFE1-3A26D6E61E54}"
EndProject
Project("{9A19103F-16F7-4668-BE54-9A1E7A4F7556}") = "MaxProfit", "MaxProfit\MaxProfit.csproj", "{70F74017-1898-4F12-AAAB-F3EA68C5C73A}"
EndProject
Project("{9A19103F-16F7-4668-BE54-9A1E7A4F7556}") = "MaxSliceSum", "MaxSliceSum\MaxSliceSum.csproj", "{0501670F-A506-423E-8276-D84B374F6067}"
EndProject
Project("{9A19103F-16F7-4668-BE54-9A1E7A4F7556}") = "CountFactors", "CountFactors\CountFactors.csproj", "{441B74D9-D2EB-483C-B0F2-126FD5771330}"
EndProject
Project("{9A19103F-16F7-4668-BE54-9A1E7A4F7556}") = "MinPerimeterRectangle", "MinPerimeterRectangle\MinPerimeterRectangle.csproj", "{BB360C14-014F-4199-B4CA-8C0A639A212F}"
EndProject
Project("{9A19103F-16F7-4668-BE54-9A1E7A4F7556}") = "Flags", "Flags\Flags.csproj", "{48A427E0-8812-4878-A870-E8D2FC9A3EC3}"
EndProject
Project("{9A19103F-16F7-4668-BE54-9A1E7A4F7556}") = "Peaks", "Peaks\Peaks.csproj", "{FDE1320A-BF5F-4AD2-8185-8E93192953FA}"
EndProject
Project("{9A19103F-16F7-4668-BE54-9A1E7A4F7556}") = "ReverseArrayExercise", "ReverseArrayExercise\ReverseArrayExercise.csproj", "{73FB1ED5-39AA-46D3-B092-62FB9E0E12BE}"
EndProject
Project("{FAE04EC0-301F-11D3-BF4B-00C04F79EFBC}") = "CountExercise", "CountExercise\CountExercise.csproj", "{45507D5A-A24B-403B-A554-61F9B27FB020}"
EndProject
Project("{FAE04EC0-301F-11D3-BF4B-00C04F79EFBC}") = "ExerciseCountingElements", "ExerciseCountingElements\ExerciseCountingElements.csproj", "{9C3CF286-AEF3-427D-863E-2FC85D103F7E}"
EndProject
Project("{FAE04EC0-301F-11D3-BF4B-00C04F79EFBC}") = "PrefixSumsExercise", "PrefixSumsExercise\PrefixSumsExercise.csproj", "{9F6D93DB-1234-4588-B0AC-26C9A517E75D}"
EndProject
Global
	GlobalSection(SolutionConfigurationPlatforms) = preSolution
		Debug|Any CPU = Debug|Any CPU
		Release|Any CPU = Release|Any CPU
	EndGlobalSection
	GlobalSection(ProjectConfigurationPlatforms) = postSolution
		{EEAFE0AF-C9AA-4D22-9F87-AF3FA72D4B5E}.Debug|Any CPU.ActiveCfg = Debug|Any CPU
		{EEAFE0AF-C9AA-4D22-9F87-AF3FA72D4B5E}.Debug|Any CPU.Build.0 = Debug|Any CPU
		{EEAFE0AF-C9AA-4D22-9F87-AF3FA72D4B5E}.Release|Any CPU.ActiveCfg = Release|Any CPU
		{EEAFE0AF-C9AA-4D22-9F87-AF3FA72D4B5E}.Release|Any CPU.Build.0 = Release|Any CPU
		{942D5839-4FE0-467F-89BC-5A3ACBE79049}.Debug|Any CPU.ActiveCfg = Debug|Any CPU
		{942D5839-4FE0-467F-89BC-5A3ACBE79049}.Debug|Any CPU.Build.0 = Debug|Any CPU
		{942D5839-4FE0-467F-89BC-5A3ACBE79049}.Release|Any CPU.ActiveCfg = Release|Any CPU
		{942D5839-4FE0-467F-89BC-5A3ACBE79049}.Release|Any CPU.Build.0 = Release|Any CPU
		{CC037896-36A8-4176-9B67-6DA73DE893FC}.Debug|Any CPU.ActiveCfg = Debug|Any CPU
		{CC037896-36A8-4176-9B67-6DA73DE893FC}.Debug|Any CPU.Build.0 = Debug|Any CPU
		{CC037896-36A8-4176-9B67-6DA73DE893FC}.Release|Any CPU.ActiveCfg = Release|Any CPU
		{CC037896-36A8-4176-9B67-6DA73DE893FC}.Release|Any CPU.Build.0 = Release|Any CPU
		{F2F7DD87-DE4E-478F-A357-BD8563724290}.Debug|Any CPU.ActiveCfg = Debug|Any CPU
		{F2F7DD87-DE4E-478F-A357-BD8563724290}.Debug|Any CPU.Build.0 = Debug|Any CPU
		{F2F7DD87-DE4E-478F-A357-BD8563724290}.Release|Any CPU.ActiveCfg = Release|Any CPU
		{F2F7DD87-DE4E-478F-A357-BD8563724290}.Release|Any CPU.Build.0 = Release|Any CPU
		{FC0D46E0-A7C1-4A32-A5C1-18E45CE2D6A4}.Debug|Any CPU.ActiveCfg = Debug|Any CPU
		{FC0D46E0-A7C1-4A32-A5C1-18E45CE2D6A4}.Debug|Any CPU.Build.0 = Debug|Any CPU
		{FC0D46E0-A7C1-4A32-A5C1-18E45CE2D6A4}.Release|Any CPU.ActiveCfg = Release|Any CPU
		{FC0D46E0-A7C1-4A32-A5C1-18E45CE2D6A4}.Release|Any CPU.Build.0 = Release|Any CPU
		{DC2D8436-17E8-46DF-98BA-D1B20EB649E2}.Debug|Any CPU.ActiveCfg = Debug|Any CPU
		{DC2D8436-17E8-46DF-98BA-D1B20EB649E2}.Debug|Any CPU.Build.0 = Debug|Any CPU
		{DC2D8436-17E8-46DF-98BA-D1B20EB649E2}.Release|Any CPU.ActiveCfg = Release|Any CPU
		{DC2D8436-17E8-46DF-98BA-D1B20EB649E2}.Release|Any CPU.Build.0 = Release|Any CPU
		{F5391443-C9E7-4741-AA66-7F34AD1C23DE}.Debug|Any CPU.ActiveCfg = Debug|Any CPU
		{F5391443-C9E7-4741-AA66-7F34AD1C23DE}.Debug|Any CPU.Build.0 = Debug|Any CPU
		{F5391443-C9E7-4741-AA66-7F34AD1C23DE}.Release|Any CPU.ActiveCfg = Release|Any CPU
		{F5391443-C9E7-4741-AA66-7F34AD1C23DE}.Release|Any CPU.Build.0 = Release|Any CPU
		{267C3C23-8E3F-4A58-8A71-DA1E74B85E42}.Debug|Any CPU.ActiveCfg = Debug|Any CPU
		{267C3C23-8E3F-4A58-8A71-DA1E74B85E42}.Debug|Any CPU.Build.0 = Debug|Any CPU
		{267C3C23-8E3F-4A58-8A71-DA1E74B85E42}.Release|Any CPU.ActiveCfg = Release|Any CPU
		{267C3C23-8E3F-4A58-8A71-DA1E74B85E42}.Release|Any CPU.Build.0 = Release|Any CPU
		{37F4F1B4-D08F-43F6-A0F8-D17F43EF8F71}.Debug|Any CPU.ActiveCfg = Debug|Any CPU
		{37F4F1B4-D08F-43F6-A0F8-D17F43EF8F71}.Debug|Any CPU.Build.0 = Debug|Any CPU
		{37F4F1B4-D08F-43F6-A0F8-D17F43EF8F71}.Release|Any CPU.ActiveCfg = Release|Any CPU
		{37F4F1B4-D08F-43F6-A0F8-D17F43EF8F71}.Release|Any CPU.Build.0 = Release|Any CPU
		{846EBC6C-1485-4507-989A-0CDF305D9FA8}.Debug|Any CPU.ActiveCfg = Debug|Any CPU
		{846EBC6C-1485-4507-989A-0CDF305D9FA8}.Debug|Any CPU.Build.0 = Debug|Any CPU
		{846EBC6C-1485-4507-989A-0CDF305D9FA8}.Release|Any CPU.ActiveCfg = Release|Any CPU
		{846EBC6C-1485-4507-989A-0CDF305D9FA8}.Release|Any CPU.Build.0 = Release|Any CPU
		{6DFBC659-DE3C-4398-94C2-3DB72946A194}.Debug|Any CPU.ActiveCfg = Debug|Any CPU
		{6DFBC659-DE3C-4398-94C2-3DB72946A194}.Debug|Any CPU.Build.0 = Debug|Any CPU
		{6DFBC659-DE3C-4398-94C2-3DB72946A194}.Release|Any CPU.ActiveCfg = Release|Any CPU
		{6DFBC659-DE3C-4398-94C2-3DB72946A194}.Release|Any CPU.Build.0 = Release|Any CPU
		{4E7D955D-0249-46DC-BC3A-F640EFFDCB62}.Debug|Any CPU.ActiveCfg = Debug|Any CPU
		{4E7D955D-0249-46DC-BC3A-F640EFFDCB62}.Debug|Any CPU.Build.0 = Debug|Any CPU
		{4E7D955D-0249-46DC-BC3A-F640EFFDCB62}.Release|Any CPU.ActiveCfg = Release|Any CPU
		{4E7D955D-0249-46DC-BC3A-F640EFFDCB62}.Release|Any CPU.Build.0 = Release|Any CPU
		{6555FBCB-8725-4715-9EC5-CA73838ABFDD}.Debug|Any CPU.ActiveCfg = Debug|Any CPU
		{6555FBCB-8725-4715-9EC5-CA73838ABFDD}.Debug|Any CPU.Build.0 = Debug|Any CPU
		{6555FBCB-8725-4715-9EC5-CA73838ABFDD}.Release|Any CPU.ActiveCfg = Release|Any CPU
		{6555FBCB-8725-4715-9EC5-CA73838ABFDD}.Release|Any CPU.Build.0 = Release|Any CPU
		{29F1C676-7DD3-44C5-933E-FD831A3E6ED0}.Debug|Any CPU.ActiveCfg = Debug|Any CPU
		{29F1C676-7DD3-44C5-933E-FD831A3E6ED0}.Debug|Any CPU.Build.0 = Debug|Any CPU
		{29F1C676-7DD3-44C5-933E-FD831A3E6ED0}.Release|Any CPU.ActiveCfg = Release|Any CPU
		{29F1C676-7DD3-44C5-933E-FD831A3E6ED0}.Release|Any CPU.Build.0 = Release|Any CPU
		{033A9FD0-507B-4365-B8C5-430BDB403A2C}.Debug|Any CPU.ActiveCfg = Debug|Any CPU
		{033A9FD0-507B-4365-B8C5-430BDB403A2C}.Debug|Any CPU.Build.0 = Debug|Any CPU
		{033A9FD0-507B-4365-B8C5-430BDB403A2C}.Release|Any CPU.ActiveCfg = Release|Any CPU
		{033A9FD0-507B-4365-B8C5-430BDB403A2C}.Release|Any CPU.Build.0 = Release|Any CPU
		{C3770FA0-CD77-46A6-BD4A-4A74A4267E47}.Debug|Any CPU.ActiveCfg = Debug|Any CPU
		{C3770FA0-CD77-46A6-BD4A-4A74A4267E47}.Debug|Any CPU.Build.0 = Debug|Any CPU
		{C3770FA0-CD77-46A6-BD4A-4A74A4267E47}.Release|Any CPU.ActiveCfg = Release|Any CPU
		{C3770FA0-CD77-46A6-BD4A-4A74A4267E47}.Release|Any CPU.Build.0 = Release|Any CPU
		{BF8C7612-F9D0-4316-8804-7703DB374853}.Debug|Any CPU.ActiveCfg = Debug|Any CPU
		{BF8C7612-F9D0-4316-8804-7703DB374853}.Debug|Any CPU.Build.0 = Debug|Any CPU
		{BF8C7612-F9D0-4316-8804-7703DB374853}.Release|Any CPU.ActiveCfg = Release|Any CPU
		{BF8C7612-F9D0-4316-8804-7703DB374853}.Release|Any CPU.Build.0 = Release|Any CPU
		{EF849E98-F428-49CD-995E-500A88C96604}.Debug|Any CPU.ActiveCfg = Debug|Any CPU
		{EF849E98-F428-49CD-995E-500A88C96604}.Debug|Any CPU.Build.0 = Debug|Any CPU
		{EF849E98-F428-49CD-995E-500A88C96604}.Release|Any CPU.ActiveCfg = Release|Any CPU
		{EF849E98-F428-49CD-995E-500A88C96604}.Release|Any CPU.Build.0 = Release|Any CPU
		{FAA3F38A-A125-44CD-8060-DC38F3B0A285}.Debug|Any CPU.ActiveCfg = Debug|Any CPU
		{FAA3F38A-A125-44CD-8060-DC38F3B0A285}.Debug|Any CPU.Build.0 = Debug|Any CPU
		{FAA3F38A-A125-44CD-8060-DC38F3B0A285}.Release|Any CPU.ActiveCfg = Release|Any CPU
		{FAA3F38A-A125-44CD-8060-DC38F3B0A285}.Release|Any CPU.Build.0 = Release|Any CPU
		{C62392B4-28C4-44AE-8432-0AF94898E7E8}.Debug|Any CPU.ActiveCfg = Debug|Any CPU
		{C62392B4-28C4-44AE-8432-0AF94898E7E8}.Debug|Any CPU.Build.0 = Debug|Any CPU
		{C62392B4-28C4-44AE-8432-0AF94898E7E8}.Release|Any CPU.ActiveCfg = Release|Any CPU
		{C62392B4-28C4-44AE-8432-0AF94898E7E8}.Release|Any CPU.Build.0 = Release|Any CPU
		{48CC0192-432E-49EB-934D-F1D230084BF9}.Debug|Any CPU.ActiveCfg = Debug|Any CPU
		{48CC0192-432E-49EB-934D-F1D230084BF9}.Debug|Any CPU.Build.0 = Debug|Any CPU
		{48CC0192-432E-49EB-934D-F1D230084BF9}.Release|Any CPU.ActiveCfg = Release|Any CPU
		{48CC0192-432E-49EB-934D-F1D230084BF9}.Release|Any CPU.Build.0 = Release|Any CPU
		{2FAD245D-8993-4940-8094-F6969CB11A06}.Debug|Any CPU.ActiveCfg = Debug|Any CPU
		{2FAD245D-8993-4940-8094-F6969CB11A06}.Debug|Any CPU.Build.0 = Debug|Any CPU
		{2FAD245D-8993-4940-8094-F6969CB11A06}.Release|Any CPU.ActiveCfg = Release|Any CPU
		{2FAD245D-8993-4940-8094-F6969CB11A06}.Release|Any CPU.Build.0 = Release|Any CPU
		{7405023F-54E2-4DB1-94F9-A8368E971F4B}.Debug|Any CPU.ActiveCfg = Debug|Any CPU
		{7405023F-54E2-4DB1-94F9-A8368E971F4B}.Debug|Any CPU.Build.0 = Debug|Any CPU
		{7405023F-54E2-4DB1-94F9-A8368E971F4B}.Release|Any CPU.ActiveCfg = Release|Any CPU
		{7405023F-54E2-4DB1-94F9-A8368E971F4B}.Release|Any CPU.Build.0 = Release|Any CPU
		{C6580F8C-934E-4066-8082-2CED3A2BC53B}.Debug|Any CPU.ActiveCfg = Debug|Any CPU
		{C6580F8C-934E-4066-8082-2CED3A2BC53B}.Debug|Any CPU.Build.0 = Debug|Any CPU
		{C6580F8C-934E-4066-8082-2CED3A2BC53B}.Release|Any CPU.ActiveCfg = Release|Any CPU
		{C6580F8C-934E-4066-8082-2CED3A2BC53B}.Release|Any CPU.Build.0 = Release|Any CPU
		{12EC314C-F8B0-49EE-BFE1-3A26D6E61E54}.Debug|Any CPU.ActiveCfg = Debug|Any CPU
		{12EC314C-F8B0-49EE-BFE1-3A26D6E61E54}.Debug|Any CPU.Build.0 = Debug|Any CPU
		{12EC314C-F8B0-49EE-BFE1-3A26D6E61E54}.Release|Any CPU.ActiveCfg = Release|Any CPU
		{12EC314C-F8B0-49EE-BFE1-3A26D6E61E54}.Release|Any CPU.Build.0 = Release|Any CPU
		{70F74017-1898-4F12-AAAB-F3EA68C5C73A}.Debug|Any CPU.ActiveCfg = Debug|Any CPU
		{70F74017-1898-4F12-AAAB-F3EA68C5C73A}.Debug|Any CPU.Build.0 = Debug|Any CPU
		{70F74017-1898-4F12-AAAB-F3EA68C5C73A}.Release|Any CPU.ActiveCfg = Release|Any CPU
		{70F74017-1898-4F12-AAAB-F3EA68C5C73A}.Release|Any CPU.Build.0 = Release|Any CPU
		{0501670F-A506-423E-8276-D84B374F6067}.Debug|Any CPU.ActiveCfg = Debug|Any CPU
		{0501670F-A506-423E-8276-D84B374F6067}.Debug|Any CPU.Build.0 = Debug|Any CPU
		{0501670F-A506-423E-8276-D84B374F6067}.Release|Any CPU.ActiveCfg = Release|Any CPU
		{0501670F-A506-423E-8276-D84B374F6067}.Release|Any CPU.Build.0 = Release|Any CPU
		{441B74D9-D2EB-483C-B0F2-126FD5771330}.Debug|Any CPU.ActiveCfg = Debug|Any CPU
		{441B74D9-D2EB-483C-B0F2-126FD5771330}.Debug|Any CPU.Build.0 = Debug|Any CPU
		{441B74D9-D2EB-483C-B0F2-126FD5771330}.Release|Any CPU.ActiveCfg = Release|Any CPU
		{441B74D9-D2EB-483C-B0F2-126FD5771330}.Release|Any CPU.Build.0 = Release|Any CPU
		{BB360C14-014F-4199-B4CA-8C0A639A212F}.Debug|Any CPU.ActiveCfg = Debug|Any CPU
		{BB360C14-014F-4199-B4CA-8C0A639A212F}.Debug|Any CPU.Build.0 = Debug|Any CPU
		{BB360C14-014F-4199-B4CA-8C0A639A212F}.Release|Any CPU.ActiveCfg = Release|Any CPU
		{BB360C14-014F-4199-B4CA-8C0A639A212F}.Release|Any CPU.Build.0 = Release|Any CPU
		{48A427E0-8812-4878-A870-E8D2FC9A3EC3}.Debug|Any CPU.ActiveCfg = Debug|Any CPU
		{48A427E0-8812-4878-A870-E8D2FC9A3EC3}.Debug|Any CPU.Build.0 = Debug|Any CPU
		{48A427E0-8812-4878-A870-E8D2FC9A3EC3}.Release|Any CPU.ActiveCfg = Release|Any CPU
		{48A427E0-8812-4878-A870-E8D2FC9A3EC3}.Release|Any CPU.Build.0 = Release|Any CPU
		{FDE1320A-BF5F-4AD2-8185-8E93192953FA}.Debug|Any CPU.ActiveCfg = Debug|Any CPU
		{FDE1320A-BF5F-4AD2-8185-8E93192953FA}.Debug|Any CPU.Build.0 = Debug|Any CPU
		{FDE1320A-BF5F-4AD2-8185-8E93192953FA}.Release|Any CPU.ActiveCfg = Release|Any CPU
		{FDE1320A-BF5F-4AD2-8185-8E93192953FA}.Release|Any CPU.Build.0 = Release|Any CPU
		{73FB1ED5-39AA-46D3-B092-62FB9E0E12BE}.Debug|Any CPU.ActiveCfg = Debug|Any CPU
		{73FB1ED5-39AA-46D3-B092-62FB9E0E12BE}.Debug|Any CPU.Build.0 = Debug|Any CPU
		{73FB1ED5-39AA-46D3-B092-62FB9E0E12BE}.Release|Any CPU.ActiveCfg = Release|Any CPU
		{73FB1ED5-39AA-46D3-B092-62FB9E0E12BE}.Release|Any CPU.Build.0 = Release|Any CPU
		{45507D5A-A24B-403B-A554-61F9B27FB020}.Debug|Any CPU.ActiveCfg = Debug|Any CPU
		{45507D5A-A24B-403B-A554-61F9B27FB020}.Debug|Any CPU.Build.0 = Debug|Any CPU
		{45507D5A-A24B-403B-A554-61F9B27FB020}.Release|Any CPU.ActiveCfg = Release|Any CPU
		{45507D5A-A24B-403B-A554-61F9B27FB020}.Release|Any CPU.Build.0 = Release|Any CPU
		{9C3CF286-AEF3-427D-863E-2FC85D103F7E}.Debug|Any CPU.ActiveCfg = Debug|Any CPU
		{9C3CF286-AEF3-427D-863E-2FC85D103F7E}.Debug|Any CPU.Build.0 = Debug|Any CPU
		{9C3CF286-AEF3-427D-863E-2FC85D103F7E}.Release|Any CPU.ActiveCfg = Release|Any CPU
		{9C3CF286-AEF3-427D-863E-2FC85D103F7E}.Release|Any CPU.Build.0 = Release|Any CPU
		{9F6D93DB-1234-4588-B0AC-26C9A517E75D}.Debug|Any CPU.ActiveCfg = Debug|Any CPU
		{9F6D93DB-1234-4588-B0AC-26C9A517E75D}.Debug|Any CPU.Build.0 = Debug|Any CPU
		{9F6D93DB-1234-4588-B0AC-26C9A517E75D}.Release|Any CPU.ActiveCfg = Release|Any CPU
		{9F6D93DB-1234-4588-B0AC-26C9A517E75D}.Release|Any CPU.Build.0 = Release|Any CPU
	EndGlobalSection
	GlobalSection(SolutionProperties) = preSolution
		HideSolutionNode = FALSE
	EndGlobalSection
	GlobalSection(NestedProjects) = preSolution
		{EEAFE0AF-C9AA-4D22-9F87-AF3FA72D4B5E} = {DCB36551-658B-4DFE-BAD1-02D8649747C2}
		{942D5839-4FE0-467F-89BC-5A3ACBE79049} = {E1993D13-5FAE-4D6C-9250-EFA95F7F2514}
		{CC037896-36A8-4176-9B67-6DA73DE893FC} = {E1993D13-5FAE-4D6C-9250-EFA95F7F2514}
		{F2F7DD87-DE4E-478F-A357-BD8563724290} = {BD5B1997-EFE1-42F4-A621-CF8F5C3499AA}
		{FC0D46E0-A7C1-4A32-A5C1-18E45CE2D6A4} = {BD5B1997-EFE1-42F4-A621-CF8F5C3499AA}
		{DC2D8436-17E8-46DF-98BA-D1B20EB649E2} = {BD5B1997-EFE1-42F4-A621-CF8F5C3499AA}
		{F5391443-C9E7-4741-AA66-7F34AD1C23DE} = {A40573F9-7E0E-4558-BE5C-5F2BC9A3BC2B}
		{267C3C23-8E3F-4A58-8A71-DA1E74B85E42} = {A40573F9-7E0E-4558-BE5C-5F2BC9A3BC2B}
		{37F4F1B4-D08F-43F6-A0F8-D17F43EF8F71} = {A40573F9-7E0E-4558-BE5C-5F2BC9A3BC2B}
		{846EBC6C-1485-4507-989A-0CDF305D9FA8} = {A40573F9-7E0E-4558-BE5C-5F2BC9A3BC2B}
		{6DFBC659-DE3C-4398-94C2-3DB72946A194} = {4D0401BA-150D-4E75-BE05-3C9F928BDEE7}
		{4E7D955D-0249-46DC-BC3A-F640EFFDCB62} = {4D0401BA-150D-4E75-BE05-3C9F928BDEE7}
		{6555FBCB-8725-4715-9EC5-CA73838ABFDD} = {4D0401BA-150D-4E75-BE05-3C9F928BDEE7}
		{29F1C676-7DD3-44C5-933E-FD831A3E6ED0} = {4D0401BA-150D-4E75-BE05-3C9F928BDEE7}
		{033A9FD0-507B-4365-B8C5-430BDB403A2C} = {B5EB579F-60B7-45B5-A86C-048B0D8125D1}
		{C3770FA0-CD77-46A6-BD4A-4A74A4267E47} = {B5EB579F-60B7-45B5-A86C-048B0D8125D1}
		{BF8C7612-F9D0-4316-8804-7703DB374853} = {B5EB579F-60B7-45B5-A86C-048B0D8125D1}
		{EF849E98-F428-49CD-995E-500A88C96604} = {B5EB579F-60B7-45B5-A86C-048B0D8125D1}
		{FAA3F38A-A125-44CD-8060-DC38F3B0A285} = {AE33EDCE-425D-4230-9A4D-C1FCD92F80F7}
		{C62392B4-28C4-44AE-8432-0AF94898E7E8} = {AE33EDCE-425D-4230-9A4D-C1FCD92F80F7}
		{48CC0192-432E-49EB-934D-F1D230084BF9} = {AE33EDCE-425D-4230-9A4D-C1FCD92F80F7}
		{2FAD245D-8993-4940-8094-F6969CB11A06} = {AE33EDCE-425D-4230-9A4D-C1FCD92F80F7}
		{7405023F-54E2-4DB1-94F9-A8368E971F4B} = {BCFE7EA9-6C07-4710-BEFB-8E3441B30166}
		{C6580F8C-934E-4066-8082-2CED3A2BC53B} = {BCFE7EA9-6C07-4710-BEFB-8E3441B30166}
		{12EC314C-F8B0-49EE-BFE1-3A26D6E61E54} = {58C27182-A8AB-4584-8612-047407B906C8}
		{70F74017-1898-4F12-AAAB-F3EA68C5C73A} = {58C27182-A8AB-4584-8612-047407B906C8}
		{0501670F-A506-423E-8276-D84B374F6067} = {58C27182-A8AB-4584-8612-047407B906C8}
		{441B74D9-D2EB-483C-B0F2-126FD5771330} = {F64B57EF-37C4-4369-825D-DE03E7B82003}
		{BB360C14-014F-4199-B4CA-8C0A639A212F} = {F64B57EF-37C4-4369-825D-DE03E7B82003}
		{48A427E0-8812-4878-A870-E8D2FC9A3EC3} = {F64B57EF-37C4-4369-825D-DE03E7B82003}
		{FDE1320A-BF5F-4AD2-8185-8E93192953FA} = {F64B57EF-37C4-4369-825D-DE03E7B82003}
		{73FB1ED5-39AA-46D3-B092-62FB9E0E12BE} = {E1993D13-5FAE-4D6C-9250-EFA95F7F2514}
		{45507D5A-A24B-403B-A554-61F9B27FB020} = {BD5B1997-EFE1-42F4-A621-CF8F5C3499AA}
		{9C3CF286-AEF3-427D-863E-2FC85D103F7E} = {A40573F9-7E0E-4558-BE5C-5F2BC9A3BC2B}
		{9F6D93DB-1234-4588-B0AC-26C9A517E75D} = {4D0401BA-150D-4E75-BE05-3C9F928BDEE7}
	EndGlobalSection
	GlobalSection(ExtensibilityGlobals) = postSolution
		SolutionGuid = {09A5E917-55F1-4073-9D3D-6CF08E0E6CE3}
	EndGlobalSection
EndGlobal
